// !$*UTF8*$!
{
	archiveVersion = 1;
	classes = {
	};
	objectVersion = 46;
	objects = {

/* Begin PBXBuildFile section */
		91F67725172009A80040863A /* UIKit.framework in Frameworks */ = {isa = PBXBuildFile; fileRef = 91F67724172009A80040863A /* UIKit.framework */; };
		91F67727172009A80040863A /* Foundation.framework in Frameworks */ = {isa = PBXBuildFile; fileRef = 91F67726172009A80040863A /* Foundation.framework */; };
		91F67729172009A80040863A /* CoreGraphics.framework in Frameworks */ = {isa = PBXBuildFile; fileRef = 91F67728172009A80040863A /* CoreGraphics.framework */; };
		91F6772F172009A80040863A /* InfoPlist.strings in Resources */ = {isa = PBXBuildFile; fileRef = 91F6772D172009A80040863A /* InfoPlist.strings */; };
		91F67731172009A80040863A /* main.m in Sources */ = {isa = PBXBuildFile; fileRef = 91F67730172009A80040863A /* main.m */; };
		91F67735172009A80040863A /* WSAppDelegate.m in Sources */ = {isa = PBXBuildFile; fileRef = 91F67734172009A80040863A /* WSAppDelegate.m */; };
		91F67737172009A80040863A /* Default.png in Resources */ = {isa = PBXBuildFile; fileRef = 91F67736172009A80040863A /* Default.png */; };
		91F67739172009A80040863A /* Default@2x.png in Resources */ = {isa = PBXBuildFile; fileRef = 91F67738172009A80040863A /* Default@2x.png */; };
		91F6773B172009A80040863A /* Default-568h@2x.png in Resources */ = {isa = PBXBuildFile; fileRef = 91F6773A172009A80040863A /* Default-568h@2x.png */; };
		91F6773E172009A80040863A /* WSViewController.m in Sources */ = {isa = PBXBuildFile; fileRef = 91F6773D172009A80040863A /* WSViewController.m */; };
		91F67741172009A80040863A /* WSViewController.xib in Resources */ = {isa = PBXBuildFile; fileRef = 91F6773F172009A80040863A /* WSViewController.xib */; };
		91F6775017200A060040863A /* UIView+WSCoachMarks.m in Sources */ = {isa = PBXBuildFile; fileRef = 91F6774D17200A060040863A /* UIView+WSCoachMarks.m */; };
		91F6775117200A060040863A /* WSCoachMarksView.m in Sources */ = {isa = PBXBuildFile; fileRef = 91F6774F17200A060040863A /* WSCoachMarksView.m */; };
		91F6775317200A820040863A /* QuartzCore.framework in Frameworks */ = {isa = PBXBuildFile; fileRef = 91F6775217200A820040863A /* QuartzCore.framework */; };
/* End PBXBuildFile section */

/* Begin PBXFileReference section */
		91F67721172009A80040863A /* WSCoachMarksView.app */ = {isa = PBXFileReference; explicitFileType = wrapper.application; includeInIndex = 0; path = WSCoachMarksView.app; sourceTree = BUILT_PRODUCTS_DIR; };
		91F67724172009A80040863A /* UIKit.framework */ = {isa = PBXFileReference; lastKnownFileType = wrapper.framework; name = UIKit.framework; path = System/Library/Frameworks/UIKit.framework; sourceTree = SDKROOT; };
		91F67726172009A80040863A /* Foundation.framework */ = {isa = PBXFileReference; lastKnownFileType = wrapper.framework; name = Foundation.framework; path = System/Library/Frameworks/Foundation.framework; sourceTree = SDKROOT; };
		91F67728172009A80040863A /* CoreGraphics.framework */ = {isa = PBXFileReference; lastKnownFileType = wrapper.framework; name = CoreGraphics.framework; path = System/Library/Frameworks/CoreGraphics.framework; sourceTree = SDKROOT; };
		91F6772C172009A80040863A /* WSCoachMarksView-Info.plist */ = {isa = PBXFileReference; lastKnownFileType = text.plist.xml; path = "WSCoachMarksView-Info.plist"; sourceTree = "<group>"; };
		91F6772E172009A80040863A /* en */ = {isa = PBXFileReference; lastKnownFileType = text.plist.strings; name = en; path = en.lproj/InfoPlist.strings; sourceTree = "<group>"; };
		91F67730172009A80040863A /* main.m */ = {isa = PBXFileReference; lastKnownFileType = sourcecode.c.objc; path = main.m; sourceTree = "<group>"; };
		91F67732172009A80040863A /* WSCoachMarksView-Prefix.pch */ = {isa = PBXFileReference; lastKnownFileType = sourcecode.c.h; path = "WSCoachMarksView-Prefix.pch"; sourceTree = "<group>"; };
		91F67733172009A80040863A /* WSAppDelegate.h */ = {isa = PBXFileReference; lastKnownFileType = sourcecode.c.h; path = WSAppDelegate.h; sourceTree = "<group>"; };
		91F67734172009A80040863A /* WSAppDelegate.m */ = {isa = PBXFileReference; lastKnownFileType = sourcecode.c.objc; path = WSAppDelegate.m; sourceTree = "<group>"; };
		91F67736172009A80040863A /* Default.png */ = {isa = PBXFileReference; lastKnownFileType = image.png; path = Default.png; sourceTree = "<group>"; };
		91F67738172009A80040863A /* Default@2x.png */ = {isa = PBXFileReference; lastKnownFileType = image.png; path = "Default@2x.png"; sourceTree = "<group>"; };
		91F6773A172009A80040863A /* Default-568h@2x.png */ = {isa = PBXFileReference; lastKnownFileType = image.png; path = "Default-568h@2x.png"; sourceTree = "<group>"; };
		91F6773C172009A80040863A /* WSViewController.h */ = {isa = PBXFileReference; lastKnownFileType = sourcecode.c.h; path = WSViewController.h; sourceTree = "<group>"; };
		91F6773D172009A80040863A /* WSViewController.m */ = {isa = PBXFileReference; lastKnownFileType = sourcecode.c.objc; path = WSViewController.m; sourceTree = "<group>"; };
		91F67740172009A80040863A /* en */ = {isa = PBXFileReference; lastKnownFileType = file.xib; name = en; path = en.lproj/WSViewController.xib; sourceTree = "<group>"; };
		91F6774C17200A060040863A /* UIView+WSCoachMarks.h */ = {isa = PBXFileReference; fileEncoding = 4; lastKnownFileType = sourcecode.c.h; name = "UIView+WSCoachMarks.h"; path = "../UIView+WSCoachMarks.h"; sourceTree = "<group>"; };
		91F6774D17200A060040863A /* UIView+WSCoachMarks.m */ = {isa = PBXFileReference; fileEncoding = 4; lastKnownFileType = sourcecode.c.objc; name = "UIView+WSCoachMarks.m"; path = "../UIView+WSCoachMarks.m"; sourceTree = "<group>"; };
		91F6774E17200A060040863A /* WSCoachMarksView.h */ = {isa = PBXFileReference; fileEncoding = 4; lastKnownFileType = sourcecode.c.h; name = WSCoachMarksView.h; path = ../WSCoachMarksView.h; sourceTree = "<group>"; };
		91F6774F17200A060040863A /* WSCoachMarksView.m */ = {isa = PBXFileReference; fileEncoding = 4; lastKnownFileType = sourcecode.c.objc; name = WSCoachMarksView.m; path = ../WSCoachMarksView.m; sourceTree = "<group>"; };
		91F6775217200A820040863A /* QuartzCore.framework */ = {isa = PBXFileReference; lastKnownFileType = wrapper.framework; name = QuartzCore.framework; path = System/Library/Frameworks/QuartzCore.framework; sourceTree = SDKROOT; };
/* End PBXFileReference section */

/* Begin PBXFrameworksBuildPhase section */
		91F6771E172009A80040863A /* Frameworks */ = {
			isa = PBXFrameworksBuildPhase;
			buildActionMask = 2147483647;
			files = (
				91F67725172009A80040863A /* UIKit.framework in Frameworks */,
				91F67727172009A80040863A /* Foundation.framework in Frameworks */,
				91F67729172009A80040863A /* CoreGraphics.framework in Frameworks */,
				91F6775317200A820040863A /* QuartzCore.framework in Frameworks */,
			);
			runOnlyForDeploymentPostprocessing = 0;
		};
/* End PBXFrameworksBuildPhase section */

/* Begin PBXGroup section */
		91F67718172009A80040863A = {
			isa = PBXGroup;
			children = (
				91F6774C17200A060040863A /* UIView+WSCoachMarks.h */,
				91F6774D17200A060040863A /* UIView+WSCoachMarks.m */,
				91F6774E17200A060040863A /* WSCoachMarksView.h */,
				91F6774F17200A060040863A /* WSCoachMarksView.m */,
				91F6772A172009A80040863A /* WSCoachMarksView */,
				91F67723172009A80040863A /* Frameworks */,
				91F67722172009A80040863A /* Products */,
			);
			sourceTree = "<group>";
		};
		91F67722172009A80040863A /* Products */ = {
			isa = PBXGroup;
			children = (
				91F67721172009A80040863A /* WSCoachMarksView.app */,
			);
			name = Products;
			sourceTree = "<group>";
		};
		91F67723172009A80040863A /* Frameworks */ = {
			isa = PBXGroup;
			children = (
				91F6775217200A820040863A /* QuartzCore.framework */,
				91F67724172009A80040863A /* UIKit.framework */,
				91F67726172009A80040863A /* Foundation.framework */,
				91F67728172009A80040863A /* CoreGraphics.framework */,
			);
			name = Frameworks;
			sourceTree = "<group>";
		};
		91F6772A172009A80040863A /* WSCoachMarksView */ = {
			isa = PBXGroup;
			children = (
				91F67733172009A80040863A /* WSAppDelegate.h */,
				91F67734172009A80040863A /* WSAppDelegate.m */,
				91F6773C172009A80040863A /* WSViewController.h */,
				91F6773D172009A80040863A /* WSViewController.m */,
				91F6773F172009A80040863A /* WSViewController.xib */,
				91F6772B172009A80040863A /* Supporting Files */,
			);
			path = WSCoachMarksView;
			sourceTree = "<group>";
		};
		91F6772B172009A80040863A /* Supporting Files */ = {
			isa = PBXGroup;
			children = (
				91F6772C172009A80040863A /* WSCoachMarksView-Info.plist */,
				91F6772D172009A80040863A /* InfoPlist.strings */,
				91F67730172009A80040863A /* main.m */,
				91F67732172009A80040863A /* WSCoachMarksView-Prefix.pch */,
				91F67736172009A80040863A /* Default.png */,
				91F67738172009A80040863A /* Default@2x.png */,
				91F6773A172009A80040863A /* Default-568h@2x.png */,
			);
			name = "Supporting Files";
			sourceTree = "<group>";
		};
/* End PBXGroup section */

/* Begin PBXNativeTarget section */
		91F67720172009A80040863A /* WSCoachMarksView */ = {
			isa = PBXNativeTarget;
			buildConfigurationList = 91F67744172009A80040863A /* Build configuration list for PBXNativeTarget "WSCoachMarksView" */;
			buildPhases = (
				91F6771D172009A80040863A /* Sources */,
				91F6771E172009A80040863A /* Frameworks */,
				91F6771F172009A80040863A /* Resources */,
			);
			buildRules = (
			);
			dependencies = (
			);
			name = WSCoachMarksView;
			productName = WSCoachMarksView;
			productReference = 91F67721172009A80040863A /* WSCoachMarksView.app */;
			productType = "com.apple.product-type.application";
		};
/* End PBXNativeTarget section */

/* Begin PBXProject section */
		91F67719172009A80040863A /* Project object */ = {
			isa = PBXProject;
			attributes = {
				CLASSPREFIX = WS;
				LastUpgradeCheck = 0460;
				ORGANIZATIONNAME = Workshirt;
			};
			buildConfigurationList = 91F6771C172009A80040863A /* Build configuration list for PBXProject "WSCoachMarksView" */;
			compatibilityVersion = "Xcode 3.2";
			developmentRegion = English;
			hasScannedForEncodings = 0;
			knownRegions = (
				en,
			);
			mainGroup = 91F67718172009A80040863A;
			productRefGroup = 91F67722172009A80040863A /* Products */;
			projectDirPath = "";
			projectRoot = "";
			targets = (
				91F67720172009A80040863A /* WSCoachMarksView */,
			);
		};
/* End PBXProject section */

/* Begin PBXResourcesBuildPhase section */
		91F6771F172009A80040863A /* Resources */ = {
			isa = PBXResourcesBuildPhase;
			buildActionMask = 2147483647;
			files = (
				91F6772F172009A80040863A /* InfoPlist.strings in Resources */,
				91F67737172009A80040863A /* Default.png in Resources */,
				91F67739172009A80040863A /* Default@2x.png in Resources */,
				91F6773B172009A80040863A /* Default-568h@2x.png in Resources */,
				91F67741172009A80040863A /* WSViewController.xib in Resources */,
			);
			runOnlyForDeploymentPostprocessing = 0;
		};
/* End PBXResourcesBuildPhase section */

/* Begin PBXSourcesBuildPhase section */
		91F6771D172009A80040863A /* Sources */ = {
			isa = PBXSourcesBuildPhase;
			buildActionMask = 2147483647;
			files = (
				91F67731172009A80040863A /* main.m in Sources */,
				91F67735172009A80040863A /* WSAppDelegate.m in Sources */,
				91F6773E172009A80040863A /* WSViewController.m in Sources */,
				91F6775017200A060040863A /* UIView+WSCoachMarks.m in Sources */,
				91F6775117200A060040863A /* WSCoachMarksView.m in Sources */,
			);
			runOnlyForDeploymentPostprocessing = 0;
		};
/* End PBXSourcesBuildPhase section */

/* Begin PBXVariantGroup section */
		91F6772D172009A80040863A /* InfoPlist.strings */ = {
			isa = PBXVariantGroup;
			children = (
				91F6772E172009A80040863A /* en */,
			);
			name = InfoPlist.strings;
			sourceTree = "<group>";
		};
		91F6773F172009A80040863A /* WSViewController.xib */ = {
			isa = PBXVariantGroup;
			children = (
				91F67740172009A80040863A /* en */,
			);
			name = WSViewController.xib;
			sourceTree = "<group>";
		};
/* End PBXVariantGroup section */

/* Begin XCBuildConfiguration section */
		91F67742172009A80040863A /* Debug */ = {
			isa = XCBuildConfiguration;
			buildSettings = {
				ALWAYS_SEARCH_USER_PATHS = NO;
				CLANG_CXX_LANGUAGE_STANDARD = "gnu++0x";
				CLANG_CXX_LIBRARY = "libc++";
				CLANG_ENABLE_OBJC_ARC = YES;
				CLANG_WARN_CONSTANT_CONVERSION = YES;
				CLANG_WARN_EMPTY_BODY = YES;
				CLANG_WARN_ENUM_CONVERSION = YES;
				CLANG_WARN_INT_CONVERSION = YES;
				CLANG_WARN__DUPLICATE_METHOD_MATCH = YES;
				"CODE_SIGN_IDENTITY[sdk=iphoneos*]" = "iPhone Developer";
				COPY_PHASE_STRIP = NO;
				GCC_C_LANGUAGE_STANDARD = gnu99;
				GCC_DYNAMIC_NO_PIC = NO;
				GCC_OPTIMIZATION_LEVEL = 0;
				GCC_PREPROCESSOR_DEFINITIONS = (
					"DEBUG=1",
					"$(inherited)",
				);
				GCC_SYMBOLS_PRIVATE_EXTERN = NO;
				GCC_WARN_ABOUT_RETURN_TYPE = YES;
				GCC_WARN_UNINITIALIZED_AUTOS = YES;
				GCC_WARN_UNUSED_VARIABLE = YES;
				IPHONEOS_DEPLOYMENT_TARGET = 6.1;
				ONLY_ACTIVE_ARCH = YES;
				SDKROOT = iphoneos;
			};
			name = Debug;
		};
		91F67743172009A80040863A /* Release */ = {
			isa = XCBuildConfiguration;
			buildSettings = {
				ALWAYS_SEARCH_USER_PATHS = NO;
				CLANG_CXX_LANGUAGE_STANDARD = "gnu++0x";
				CLANG_CXX_LIBRARY = "libc++";
				CLANG_ENABLE_OBJC_ARC = YES;
				CLANG_WARN_CONSTANT_CONVERSION = YES;
				CLANG_WARN_EMPTY_BODY = YES;
				CLANG_WARN_ENUM_CONVERSION = YES;
				CLANG_WARN_INT_CONVERSION = YES;
				CLANG_WARN__DUPLICATE_METHOD_MATCH = YES;
				"CODE_SIGN_IDENTITY[sdk=iphoneos*]" = "iPhone Developer";
				COPY_PHASE_STRIP = YES;
				GCC_C_LANGUAGE_STANDARD = gnu99;
				GCC_WARN_ABOUT_RETURN_TYPE = YES;
				GCC_WARN_UNINITIALIZED_AUTOS = YES;
				GCC_WARN_UNUSED_VARIABLE = YES;
				IPHONEOS_DEPLOYMENT_TARGET = 6.1;
				OTHER_CFLAGS = "-DNS_BLOCK_ASSERTIONS=1";
				SDKROOT = iphoneos;
				VALIDATE_PRODUCT = YES;
			};
			name = Release;
		};
		91F67745172009A80040863A /* Debug */ = {
			isa = XCBuildConfiguration;
			buildSettings = {
				GCC_PRECOMPILE_PREFIX_HEADER = YES;
				GCC_PREFIX_HEADER = "WSCoachMarksView/WSCoachMarksView-Prefix.pch";
				INFOPLIST_FILE = "WSCoachMarksView/WSCoachMarksView-Info.plist";
				PRODUCT_NAME = "$(TARGET_NAME)";
				WRAPPER_EXTENSION = app;
			};
			name = Debug;
		};
		91F67746172009A80040863A /* Release */ = {
			isa = XCBuildConfiguration;
			buildSettings = {
				GCC_PRECOMPILE_PREFIX_HEADER = YES;
				GCC_PREFIX_HEADER = "WSCoachMarksView/WSCoachMarksView-Prefix.pch";
				INFOPLIST_FILE = "WSCoachMarksView/WSCoachMarksView-Info.plist";
				PRODUCT_NAME = "$(TARGET_NAME)";
				WRAPPER_EXTENSION = app;
			};
			name = Release;
		};
/* End XCBuildConfiguration section */

/* Begin XCConfigurationList section */
		91F6771C172009A80040863A /* Build configuration list for PBXProject "WSCoachMarksView" */ = {
			isa = XCConfigurationList;
			buildConfigurations = (
				91F67742172009A80040863A /* Debug */,
				91F67743172009A80040863A /* Release */,
			);
			defaultConfigurationIsVisible = 0;
			defaultConfigurationName = Release;
		};
		91F67744172009A80040863A /* Build configuration list for PBXNativeTarget "WSCoachMarksView" */ = {
			isa = XCConfigurationList;
			buildConfigurations = (
				91F67745172009A80040863A /* Debug */,
				91F67746172009A80040863A /* Release */,
			);
			defaultConfigurationIsVisible = 0;
		};
/* End XCConfigurationList section */
	};
	rootObject = 91F67719172009A80040863A /* Project object */;
}
